// !$*UTF8*$!
{
	archiveVersion = 1;
	classes = {
	};
	objectVersion = 48;
	objects = {

/* Begin PBXBuildFile section */
		FCAEAEBC1F052FF000717AB1 /* AppDelegate.swift in Sources */ = {isa = PBXBuildFile; fileRef = FCAEAEBB1F052FF000717AB1 /* AppDelegate.swift */; };
		FCAEAEBE1F052FF000717AB1 /* ViewController.swift in Sources */ = {isa = PBXBuildFile; fileRef = FCAEAEBD1F052FF000717AB1 /* ViewController.swift */; };
		FCAEAEC11F052FF000717AB1 /* Main.storyboard in Resources */ = {isa = PBXBuildFile; fileRef = FCAEAEBF1F052FF000717AB1 /* Main.storyboard */; };
		FCAEAEC31F052FF000717AB1 /* Assets.xcassets in Resources */ = {isa = PBXBuildFile; fileRef = FCAEAEC21F052FF000717AB1 /* Assets.xcassets */; };
		FCAEAEC61F052FF000717AB1 /* LaunchScreen.storyboard in Resources */ = {isa = PBXBuildFile; fileRef = FCAEAEC41F052FF000717AB1 /* LaunchScreen.storyboard */; };
/* End PBXBuildFile section */

/* Begin PBXFileReference section */
		FCAEAEB81F052FF000717AB1 /* Parse Foursquare Cln.app */ = {isa = PBXFileReference; explicitFileType = wrapper.application; includeInIndex = 0; path = "Parse Foursquare Cln.app"; sourceTree = BUILT_PRODUCTS_DIR; };
		FCAEAEBB1F052FF000717AB1 /* AppDelegate.swift */ = {isa = PBXFileReference; lastKnownFileType = sourcecode.swift; path = AppDelegate.swift; sourceTree = "<group>"; };
		FCAEAEBD1F052FF000717AB1 /* ViewController.swift */ = {isa = PBXFileReference; lastKnownFileType = sourcecode.swift; path = ViewController.swift; sourceTree = "<group>"; };
		FCAEAEC01F052FF000717AB1 /* Base */ = {isa = PBXFileReference; lastKnownFileType = file.storyboard; name = Base; path = Base.lproj/Main.storyboard; sourceTree = "<group>"; };
		FCAEAEC21F052FF000717AB1 /* Assets.xcassets */ = {isa = PBXFileReference; lastKnownFileType = folder.assetcatalog; path = Assets.xcassets; sourceTree = "<group>"; };
		FCAEAEC51F052FF000717AB1 /* Base */ = {isa = PBXFileReference; lastKnownFileType = file.storyboard; name = Base; path = Base.lproj/LaunchScreen.storyboard; sourceTree = "<group>"; };
		FCAEAEC71F052FF000717AB1 /* Info.plist */ = {isa = PBXFileReference; lastKnownFileType = text.plist.xml; path = Info.plist; sourceTree = "<group>"; };
/* End PBXFileReference section */

/* Begin PBXFrameworksBuildPhase section */
		FCAEAEB51F052FF000717AB1 /* Frameworks */ = {
			isa = PBXFrameworksBuildPhase;
			buildActionMask = 2147483647;
			files = (
			);
			runOnlyForDeploymentPostprocessing = 0;
		};
/* End PBXFrameworksBuildPhase section */

/* Begin PBXGroup section */
		FCAEAEAF1F052FF000717AB1 = {
			isa = PBXGroup;
			children = (
				FCAEAEBA1F052FF000717AB1 /* Parse Foursquare Cln */,
				FCAEAEB91F052FF000717AB1 /* Products */,
			);
			sourceTree = "<group>";
		};
		FCAEAEB91F052FF000717AB1 /* Products */ = {
			isa = PBXGroup;
			children = (
				FCAEAEB81F052FF000717AB1 /* Parse Foursquare Cln.app */,
			);
			name = Products;
			sourceTree = "<group>";
		};
		FCAEAEBA1F052FF000717AB1 /* Parse Foursquare Cln */ = {
			isa = PBXGroup;
			children = (
				FCAEAEBB1F052FF000717AB1 /* AppDelegate.swift */,
				FCAEAEBD1F052FF000717AB1 /* ViewController.swift */,
				FCAEAEBF1F052FF000717AB1 /* Main.storyboard */,
				FCAEAEC21F052FF000717AB1 /* Assets.xcassets */,
				FCAEAEC41F052FF000717AB1 /* LaunchScreen.storyboard */,
				FCAEAEC71F052FF000717AB1 /* Info.plist */,
			);
			path = "Parse Foursquare Cln";
			sourceTree = "<group>";
		};
/* End PBXGroup section */

/* Begin PBXNativeTarget section */
		FCAEAEB71F052FF000717AB1 /* Parse Foursquare Cln */ = {
			isa = PBXNativeTarget;
			buildConfigurationList = FCAEAECA1F052FF000717AB1 /* Build configuration list for PBXNativeTarget "Parse Foursquare Cln" */;
			buildPhases = (
				FCAEAEB41F052FF000717AB1 /* Sources */,
				FCAEAEB51F052FF000717AB1 /* Frameworks */,
				FCAEAEB61F052FF000717AB1 /* Resources */,
			);
			buildRules = (
			);
			dependencies = (
			);
			name = "Parse Foursquare Cln";
			productName = "Parse Foursquare Cln";
			productReference = FCAEAEB81F052FF000717AB1 /* Parse Foursquare Cln.app */;
			productType = "com.apple.product-type.application";
		};
/* End PBXNativeTarget section */

/* Begin PBXProject section */
		FCAEAEB01F052FF000717AB1 /* Project object */ = {
			isa = PBXProject;
			attributes = {
				LastSwiftUpdateCheck = 0900;
				LastUpgradeCheck = 0900;
				ORGANIZATIONNAME = "Atil Samancioglu";
				TargetAttributes = {
					FCAEAEB71F052FF000717AB1 = {
						CreatedOnToolsVersion = 9.0;
					};
				};
			};
			buildConfigurationList = FCAEAEB31F052FF000717AB1 /* Build configuration list for PBXProject "Parse Foursquare Cln" */;
			compatibilityVersion = "Xcode 8.0";
			developmentRegion = en;
			hasScannedForEncodings = 0;
			knownRegions = (
				en,
				Base,
			);
			mainGroup = FCAEAEAF1F052FF000717AB1;
			productRefGroup = FCAEAEB91F052FF000717AB1 /* Products */;
			projectDirPath = "";
			projectRoot = "";
			targets = (
				FCAEAEB71F052FF000717AB1 /* Parse Foursquare Cln */,
			);
		};
/* End PBXProject section */

/* Begin PBXResourcesBuildPhase section */
		FCAEAEB61F052FF000717AB1 /* Resources */ = {
			isa = PBXResourcesBuildPhase;
			buildActionMask = 2147483647;
			files = (
				FCAEAEC61F052FF000717AB1 /* LaunchScreen.storyboard in Resources */,
				FCAEAEC31F052FF000717AB1 /* Assets.xcassets in Resources */,
				FCAEAEC11F052FF000717AB1 /* Main.storyboard in Resources */,
			);
			runOnlyForDeploymentPostprocessing = 0;
		};
/* End PBXResourcesBuildPhase section */

/* Begin PBXSourcesBuildPhase section */
		FCAEAEB41F052FF000717AB1 /* Sources */ = {
			isa = PBXSourcesBuildPhase;
			buildActionMask = 2147483647;
			files = (
				FCAEAEBE1F052FF000717AB1 /* ViewController.swift in Sources */,
				FCAEAEBC1F052FF000717AB1 /* AppDelegate.swift in Sources */,
			);
			runOnlyForDeploymentPostprocessing = 0;
		};
/* End PBXSourcesBuildPhase section */

/* Begin PBXVariantGroup section */
		FCAEAEBF1F052FF000717AB1 /* Main.storyboard */ = {
			isa = PBXVariantGroup;
			children = (
				FCAEAEC01F052FF000717AB1 /* Base */,
			);
			name = Main.storyboard;
			sourceTree = "<group>";
		};
		FCAEAEC41F052FF000717AB1 /* LaunchScreen.storyboard */ = {
			isa = PBXVariantGroup;
			children = (
				FCAEAEC51F052FF000717AB1 /* Base */,
			);
			name = LaunchScreen.storyboard;
			sourceTree = "<group>";
		};
/* End PBXVariantGroup section */

/* Begin XCBuildConfiguration section */
		FCAEAEC81F052FF000717AB1 /* Debug */ = {
			isa = XCBuildConfiguration;
			buildSettings = {
				ALWAYS_SEARCH_USER_PATHS = NO;
				CLANG_ANALYZER_NONNULL = YES;
				CLANG_ANALYZER_NUMBER_OBJECT_CONVERSION = YES_AGGRESSIVE;
				CLANG_CXX_LANGUAGE_STANDARD = "gnu++14";
				CLANG_CXX_LIBRARY = "libc++";
				CLANG_ENABLE_MODULES = YES;
				CLANG_ENABLE_OBJC_ARC = YES;
				CLANG_WARN_BLOCK_CAPTURE_AUTORELEASING = YES;
				CLANG_WARN_BOOL_CONVERSION = YES;
				CLANG_WARN_COMMA = YES;
				CLANG_WARN_CONSTANT_CONVERSION = YES;
				CLANG_WARN_DIRECT_OBJC_ISA_USAGE = YES_ERROR;
				CLANG_WARN_DOCUMENTATION_COMMENTS = YES;
				CLANG_WARN_EMPTY_BODY = YES;
				CLANG_WARN_ENUM_CONVERSION = YES;
				CLANG_WARN_INFINITE_RECURSION = YES;
				CLANG_WARN_INT_CONVERSION = YES;
				CLANG_WARN_OBJC_ROOT_CLASS = YES_ERROR;
				CLANG_WARN_RANGE_LOOP_ANALYSIS = YES;
				CLANG_WARN_STRICT_PROTOTYPES = YES;
				CLANG_WARN_SUSPICIOUS_MOVE = YES;
				CLANG_WARN_UNGUARDED_AVAILABILITY = YES_AGGRESSIVE;
				CLANG_WARN_UNREACHABLE_CODE = YES;
				CLANG_WARN__DUPLICATE_METHOD_MATCH = YES;
				CODE_SIGN_IDENTITY = "iPhone Developer";
				COPY_PHASE_STRIP = NO;
				DEBUG_INFORMATION_FORMAT = dwarf;
				ENABLE_STRICT_OBJC_MSGSEND = YES;
				ENABLE_TESTABILITY = YES;
				GCC_C_LANGUAGE_STANDARD = gnu11;
				GCC_DYNAMIC_NO_PIC = NO;
				GCC_NO_COMMON_BLOCKS = YES;
				GCC_OPTIMIZATION_LEVEL = 0;
				GCC_PREPROCESSOR_DEFINITIONS = (
					"DEBUG=1",
					"$(inherited)",
				);
				GCC_WARN_64_TO_32_BIT_CONVERSION = YES;
				GCC_WARN_ABOUT_RETURN_TYPE = YES_ERROR;
				GCC_WARN_UNDECLARED_SELECTOR = YES;
				GCC_WARN_UNINITIALIZED_AUTOS = YES_AGGRESSIVE;
				GCC_WARN_UNUSED_FUNCTION = YES;
				GCC_WARN_UNUSED_VARIABLE = YES;
				IPHONEOS_DEPLOYMENT_TARGET = 11.0;
				MTL_ENABLE_DEBUG_INFO = YES;
				ONLY_ACTIVE_ARCH = YES;
				SDKROOT = iphoneos;
				SWIFT_ACTIVE_COMPILATION_CONDITIONS = DEBUG;
				SWIFT_OPTIMIZATION_LEVEL = "-Onone";
			};
			name = Debug;
		};
		FCAEAEC91F052FF000717AB1 /* Release */ = {
			isa = XCBuildConfiguration;
			buildSettings = {
				ALWAYS_SEARCH_USER_PATHS = NO;
				CLANG_ANALYZER_NONNULL = YES;
				CLANG_ANALYZER_NUMBER_OBJECT_CONVERSION = YES_AGGRESSIVE;
				CLANG_CXX_LANGUAGE_STANDARD = "gnu++14";
				CLANG_CXX_LIBRARY = "libc++";
				CLANG_ENABLE_MODULES = YES;
				CLANG_ENABLE_OBJC_ARC = YES;
				CLANG_WARN_BLOCK_CAPTURE_AUTORELEASING = YES;
				CLANG_WARN_BOOL_CONVERSION = YES;
				CLANG_WARN_COMMA = YES;
				CLANG_WARN_CONSTANT_CONVERSION = YES;
				CLANG_WARN_DIRECT_OBJC_ISA_USAGE = YES_ERROR;
				CLANG_WARN_DOCUMENTATION_COMMENTS = YES;
				CLANG_WARN_EMPTY_BODY = YES;
				CLANG_WARN_ENUM_CONVERSION = YES;
				CLANG_WARN_INFINITE_RECURSION = YES;
				CLANG_WARN_INT_CONVERSION = YES;
				CLANG_WARN_OBJC_ROOT_CLASS = YES_ERROR;
				CLANG_WARN_RANGE_LOOP_ANALYSIS = YES;
				CLANG_WARN_STRICT_PROTOTYPES = YES;
				CLANG_WARN_SUSPICIOUS_MOVE = YES;
				CLANG_WARN_UNGUARDED_AVAILABILITY = YES_AGGRESSIVE;
				CLANG_WARN_UNREACHABLE_CODE = YES;
				CLANG_WARN__DUPLICATE_METHOD_MATCH = YES;
				CODE_SIGN_IDENTITY = "iPhone Developer";
				COPY_PHASE_STRIP = NO;
				DEBUG_INFORMATION_FORMAT = "dwarf-with-dsym";
				ENABLE_NS_ASSERTIONS = NO;
				ENABLE_STRICT_OBJC_MSGSEND = YES;
				GCC_C_LANGUAGE_STANDARD = gnu11;
				GCC_NO_COMMON_BLOCKS = YES;
				GCC_WARN_64_TO_32_BIT_CONVERSION = YES;
				GCC_WARN_ABOUT_RETURN_TYPE = YES_ERROR;
				GCC_WARN_UNDECLARED_SELECTOR = YES;
				GCC_WARN_UNINITIALIZED_AUTOS = YES_AGGRESSIVE;
				GCC_WARN_UNUSED_FUNCTION = YES;
				GCC_WARN_UNUSED_VARIABLE = YES;
				IPHONEOS_DEPLOYMENT_TARGET = 11.0;
				MTL_ENABLE_DEBUG_INFO = NO;
				SDKROOT = iphoneos;
				SWIFT_OPTIMIZATION_LEVEL = "-Owholemodule";
				VALIDATE_PRODUCT = YES;
			};
			name = Release;
		};
		FCAEAECB1F052FF000717AB1 /* Debug */ = {
			isa = XCBuildConfiguration;
			buildSettings = {
				ASSETCATALOG_COMPILER_APPICON_NAME = AppIcon;
				DEVELOPMENT_TEAM = 7SH627DBA4;
				INFOPLIST_FILE = "Parse Foursquare Cln/Info.plist";
				LD_RUNPATH_SEARCH_PATHS = "$(inherited) @executable_path/Frameworks";
				PRODUCT_BUNDLE_IDENTIFIER = "com.atilsamancioglu.Parse-Foursquare-Cln";
				PRODUCT_NAME = "$(TARGET_NAME)";
				SWIFT_VERSION = 4.0;
				TARGETED_DEVICE_FAMILY = "1,2";
			};
			name = Debug;
		};
		FCAEAECC1F052FF000717AB1 /* Release */ = {
			isa = XCBuildConfiguration;
			buildSettings = {
				ASSETCATALOG_COMPILER_APPICON_NAME = AppIcon;
				DEVELOPMENT_TEAM = 7SH627DBA4;
				INFOPLIST_FILE = "Parse Foursquare Cln/Info.plist";
				LD_RUNPATH_SEARCH_PATHS = "$(inherited) @executable_path/Frameworks";
				PRODUCT_BUNDLE_IDENTIFIER = "com.atilsamancioglu.Parse-Foursquare-Cln";
				PRODUCT_NAME = "$(TARGET_NAME)";
				SWIFT_VERSION = 4.0;
				TARGETED_DEVICE_FAMILY = "1,2";
			};
			name = Release;
		};
/* End XCBuildConfiguration section */

/* Begin XCConfigurationList section */
		FCAEAEB31F052FF000717AB1 /* Build configuration list for PBXProject "Parse Foursquare Cln" */ = {
			isa = XCConfigurationList;
			buildConfigurations = (
				FCAEAEC81F052FF000717AB1 /* Debug */,
				FCAEAEC91F052FF000717AB1 /* Release */,
			);
			defaultConfigurationIsVisible = 0;
			defaultConfigurationName = Release;
		};
		FCAEAECA1F052FF000717AB1 /* Build configuration list for PBXNativeTarget "Parse Foursquare Cln" */ = {
			isa = XCConfigurationList;
			buildConfigurations = (
				FCAEAECB1F052FF000717AB1 /* Debug */,
				FCAEAECC1F052FF000717AB1 /* Release */,
			);
			defaultConfigurationIsVisible = 0;
		};
/* End XCConfigurationList section */
	};
	rootObject = FCAEAEB01F052FF000717AB1 /* Project object */;
}
